PODS:
  - RxCocoa (4.3.1):
    - RxSwift (~> 4.0)
  - RxFlow (1.6.0):
    - RxCocoa (>= 4.2.0)
    - RxSwift (>= 4.2.0)
  - RxSwift (4.3.1)

DEPENDENCIES:
  - RxCocoa
  - RxFlow
  - RxSwift

SPEC REPOS:
  https://github.com/cocoapods/specs.git:
    - RxCocoa
    - RxFlow
    - RxSwift

SPEC CHECKSUMS:
  RxCocoa: 78763c7b07d02455598d9fc3c1ad091a28b73635
  RxFlow: 80ba3d5c5bf5820c5c160cb6b2d533c3038b165d
  RxSwift: fe0fd770a43acdb7d0a53da411c9b892e69bb6e4

PODFILE CHECKSUM: f577956e1c7c677cd8fedda1597521d924b03314

COCOAPODS: 1.5.3
